
Microsoft Visual Studio Solution File, Format Version 12.00
# Visual Studio Version 17
VisualStudioVersion = 17.3.32901.215
MinimumVisualStudioVersion = 10.0.40219.1
Project("{FAE04EC0-301F-11D3-BF4B-00C04F79EFBC}") = "pizzeria", "pizzeria\pizzeria.csproj", "{64C0B51C-E914-441E-8530-5D7B534B470E}"
EndProject
Global
	GlobalSection(SolutionConfigurationPlatforms) = preSolution
		Debug|Any CPU = Debug|Any CPU
		Release|Any CPU = Release|Any CPU
	EndGlobalSection
	GlobalSection(ProjectConfigurationPlatforms) = postSolution
		{64C0B51C-E914-441E-8530-5D7B534B470E}.Debug|Any CPU.ActiveCfg = Debug|Any CPU
		{64C0B51C-E914-441E-8530-5D7B534B470E}.Debug|Any CPU.Build.0 = Debug|Any CPU
		{64C0B51C-E914-441E-8530-5D7B534B470E}.Release|Any CPU.ActiveCfg = Release|Any CPU
		{64C0B51C-E914-441E-8530-5D7B534B470E}.Release|Any CPU.Build.0 = Release|Any CPU
	EndGlobalSection
	GlobalSection(SolutionProperties) = preSolution
		HideSolutionNode = FALSE
	EndGlobalSection
	GlobalSection(ExtensibilityGlobals) = postSolution
		SolutionGuid = {E5A9FE05-BD48-4A61-8529-E8C882BD2F91}
	EndGlobalSection
EndGlobal
